
Microsoft Visual Studio Solution File, Format Version 12.00
# Visual Studio Version 16
VisualStudioVersion = 16.0.810.17
MinimumVisualStudioVersion = 10.0.40219.1
Project("{FAE04EC0-301F-11D3-BF4B-00C04F79EFBC}") = "FastTravels.iOS", "FastTravels.iOS.csproj", "{9E8A586E-B880-4592-8AE8-EFA54416AA3E}"
EndProject
Global
	GlobalSection(SolutionConfigurationPlatforms) = preSolution
		Debug|iPhoneSimulator = Debug|iPhoneSimulator
		Release|iPhoneSimulator = Release|iPhoneSimulator
		Debug|iPhone = Debug|iPhone
		Release|iPhone = Release|iPhone
	EndGlobalSection
	GlobalSection(ProjectConfigurationPlatforms) = postSolution
		{9E8A586E-B880-4592-8AE8-EFA54416AA3E}.Debug|iPhoneSimulator.ActiveCfg = Debug|iPhoneSimulator
		{9E8A586E-B880-4592-8AE8-EFA54416AA3E}.Debug|iPhoneSimulator.Build.0 = Debug|iPhoneSimulator
		{9E8A586E-B880-4592-8AE8-EFA54416AA3E}.Release|iPhoneSimulator.ActiveCfg = Release|iPhoneSimulator
		{9E8A586E-B880-4592-8AE8-EFA54416AA3E}.Release|iPhoneSimulator.Build.0 = Release|iPhoneSimulator
		{9E8A586E-B880-4592-8AE8-EFA54416AA3E}.Debug|iPhone.ActiveCfg = Debug|iPhone
		{9E8A586E-B880-4592-8AE8-EFA54416AA3E}.Debug|iPhone.Build.0 = Debug|iPhone
		{9E8A586E-B880-4592-8AE8-EFA54416AA3E}.Release|iPhone.ActiveCfg = Release|iPhone
		{9E8A586E-B880-4592-8AE8-EFA54416AA3E}.Release|iPhone.Build.0 = Release|iPhone
	EndGlobalSection
	GlobalSection(SolutionProperties) = preSolution
		HideSolutionNode = FALSE
	EndGlobalSection
	GlobalSection(ExtensibilityGlobals) = postSolution
		SolutionGuid = {D95F0330-5E9A-468E-ABFC-C1574435BA97}
	EndGlobalSection
EndGlobal
